{
  "name": "open-pixel-art",
  "version": "1.0.0",
  "lockfileVersion": 1,
  "requires": true,
  "dependencies": {
    "@11ty/eleventy": {
      "version": "0.9.0",
      "resolved": "https://registry.npmjs.org/@11ty/eleventy/-/eleventy-0.9.0.tgz",
      "integrity": "sha512-6BW59Fzf2sXrtnS5bUey5JbbiOSZCujG7/6/quj4ooLYIFV3djBZpyJg6mQmlyefFIacvC0GDP+9QT+QQ0O74g==",
      "dev": true,
      "requires": {
        "browser-sync": "^2.26.7",
        "chalk": "^2.4.2",
        "chokidar": "^3.0.2",
        "debug": "^4.1.1",
        "dependency-graph": "^0.8.0",
        "dependency-tree": "^7.0.2",
        "ejs": "^2.6.2",
        "fast-glob": "^3.0.4",
        "fs-extra": "^8.1.0",
        "gray-matter": "^4.0.2",
        "hamljs": "^0.6.2",
        "handlebars": "^4.1.2",
        "javascript-stringify": "^2.0.0",
        "liquidjs": "^6.4.3",
        "lodash": "^4.17.15",
        "luxon": "^1.17.2",
        "markdown-it": "^8.4.2",
        "minimist": "^1.2.0",
        "moo": "^0.5.0",
        "multimatch": "^4.0.0",
        "mustache": "^2.3.0",
        "normalize-path": "^3.0.0",
        "nunjucks": "^3.2.0",
        "parse-filepath": "^1.0.2",
        "please-upgrade-node": "^3.2.0",
        "pretty": "^2.0.0",
        "pug": "^2.0.4",
        "recursive-copy": "^2.0.10",
        "semver": "^6.3.0",
        "slugify": "^1.3.4",
        "time-require": "^0.1.2",
        "valid-url": "^1.0.9"
      }
    },
    "@babel/code-frame": {
      "version": "7.5.5",
      "resolved": "https://registry.npmjs.org/@babel/code-frame/-/code-frame-7.5.5.tgz",
      "integrity": "sha512-27d4lZoomVyo51VegxI20xZPuSHusqbQag/ztrBC7wegWoQ1nLREPVSKSW8byhTlzTKyNE4ifaTA6lCp7JjpFw==",
      "dev": true,
      "requires": {
        "@babel/highlight": "^7.0.0"
      }
    },
    "@babel/core": {
      "version": "7.6.0",
      "resolved": "https://registry.npmjs.org/@babel/core/-/core-7.6.0.tgz",
      "integrity": "sha512-FuRhDRtsd6IptKpHXAa+4WPZYY2ZzgowkbLBecEDDSje1X/apG7jQM33or3NdOmjXBKWGOg4JmSiRfUfuTtHXw==",
      "dev": true,
      "requires": {
        "@babel/code-frame": "^7.5.5",
        "@babel/generator": "^7.6.0",
        "@babel/helpers": "^7.6.0",
        "@babel/parser": "^7.6.0",
        "@babel/template": "^7.6.0",
        "@babel/traverse": "^7.6.0",
        "@babel/types": "^7.6.0",
        "convert-source-map": "^1.1.0",
        "debug": "^4.1.0",
        "json5": "^2.1.0",
        "lodash": "^4.17.13",
        "resolve": "^1.3.2",
        "semver": "^5.4.1",
        "source-map": "^0.5.0"
      },
      "dependencies": {
        "@babel/parser": {
          "version": "7.6.0",
          "resolved": "https://registry.npmjs.org/@babel/parser/-/parser-7.6.0.tgz",
          "integrity": "sha512-+o2q111WEx4srBs7L9eJmcwi655eD8sXniLqMB93TBK9GrNzGrxDWSjiqz2hLU0Ha8MTXFIP0yd9fNdP+m43ZQ==",
          "dev": true
        },
        "semver": {
          "version": "5.7.1",
          "resolved": "https://registry.npmjs.org/semver/-/semver-5.7.1.tgz",
          "integrity": "sha512-sauaDf/PZdVgrLTNYHRtpXa1iRiKcaebiKQ1BJdpQlWH2lCvexQdX55snPFyK7QzpudqbCI0qXFfOasHdyNDGQ==",
          "dev": true
        }
      }
    },
    "@babel/generator": {
      "version": "7.6.0",
      "resolved": "https://registry.npmjs.org/@babel/generator/-/generator-7.6.0.tgz",
      "integrity": "sha512-Ms8Mo7YBdMMn1BYuNtKuP/z0TgEIhbcyB8HVR6PPNYp4P61lMsABiS4A3VG1qznjXVCf3r+fVHhm4efTYVsySA==",
      "dev": true,
      "requires": {
        "@babel/types": "^7.6.0",
        "jsesc": "^2.5.1",
        "lodash": "^4.17.13",
        "source-map": "^0.5.0",
        "trim-right": "^1.0.1"
      }
    },
    "@babel/helper-function-name": {
      "version": "7.1.0",
      "resolved": "https://registry.npmjs.org/@babel/helper-function-name/-/helper-function-name-7.1.0.tgz",
      "integrity": "sha512-A95XEoCpb3TO+KZzJ4S/5uW5fNe26DjBGqf1o9ucyLyCmi1dXq/B3c8iaWTfBk3VvetUxl16e8tIrd5teOCfGw==",
      "dev": true,
      "requires": {
        "@babel/helper-get-function-arity": "^7.0.0",
        "@babel/template": "^7.1.0",
        "@babel/types": "^7.0.0"
      }
    },
    "@babel/helper-get-function-arity": {
      "version": "7.0.0",
      "resolved": "https://registry.npmjs.org/@babel/helper-get-function-arity/-/helper-get-function-arity-7.0.0.tgz",
      "integrity": "sha512-r2DbJeg4svYvt3HOS74U4eWKsUAMRH01Z1ds1zx8KNTPtpTL5JAsdFv8BNyOpVqdFhHkkRDIg5B4AsxmkjAlmQ==",
      "dev": true,
      "requires": {
        "@babel/types": "^7.0.0"
      }
    },
    "@babel/helper-plugin-utils": {
      "version": "7.0.0",
      "resolved": "https://registry.npmjs.org/@babel/helper-plugin-utils/-/helper-plugin-utils-7.0.0.tgz",
      "integrity": "sha512-CYAOUCARwExnEixLdB6sDm2dIJ/YgEAKDM1MOeMeZu9Ld/bDgVo8aiWrXwcY7OBh+1Ea2uUcVRcxKk0GJvW7QA==",
      "dev": true
    },
    "@babel/helper-split-export-declaration": {
      "version": "7.4.4",
      "resolved": "https://registry.npmjs.org/@babel/helper-split-export-declaration/-/helper-split-export-declaration-7.4.4.tgz",
      "integrity": "sha512-Ro/XkzLf3JFITkW6b+hNxzZ1n5OQ80NvIUdmHspih1XAhtN3vPTuUFT4eQnela+2MaZ5ulH+iyP513KJrxbN7Q==",
      "dev": true,
      "requires": {
        "@babel/types": "^7.4.4"
      }
    },
    "@babel/helpers": {
      "version": "7.6.0",
      "resolved": "https://registry.npmjs.org/@babel/helpers/-/helpers-7.6.0.tgz",
      "integrity": "sha512-W9kao7OBleOjfXtFGgArGRX6eCP0UEcA2ZWEWNkJdRZnHhW4eEbeswbG3EwaRsnQUAEGWYgMq1HsIXuNNNy2eQ==",
      "dev": true,
      "requires": {
        "@babel/template": "^7.6.0",
        "@babel/traverse": "^7.6.0",
        "@babel/types": "^7.6.0"
      }
    },
    "@babel/highlight": {
      "version": "7.5.0",
      "resolved": "https://registry.npmjs.org/@babel/highlight/-/highlight-7.5.0.tgz",
      "integrity": "sha512-7dV4eu9gBxoM0dAnj/BCFDW9LFU0zvTrkq0ugM7pnHEgguOEeOz1so2ZghEdzviYzQEED0r4EAgpsBChKy1TRQ==",
      "dev": true,
      "requires": {
        "chalk": "^2.0.0",
        "esutils": "^2.0.2",
        "js-tokens": "^4.0.0"
      }
    },
    "@babel/parser": {
      "version": "7.5.5",
      "resolved": "https://registry.npmjs.org/@babel/parser/-/parser-7.5.5.tgz",
      "integrity": "sha512-E5BN68cqR7dhKan1SfqgPGhQ178bkVKpXTPEXnFJBrEt8/DKRZlybmy+IgYLTeN7tp1R5Ccmbm2rBk17sHYU3g==",
      "dev": true
    },
    "@babel/plugin-syntax-object-rest-spread": {
      "version": "7.2.0",
      "resolved": "https://registry.npmjs.org/@babel/plugin-syntax-object-rest-spread/-/plugin-syntax-object-rest-spread-7.2.0.tgz",
      "integrity": "sha512-t0JKGgqk2We+9may3t0xDdmneaXmyxq0xieYcKHxIsrJO64n1OiMWNUtc5gQK1PA0NpdCRrtZp4z+IUaKugrSA==",
      "dev": true,
      "requires": {
        "@babel/helper-plugin-utils": "^7.0.0"
      }
    },
    "@babel/polyfill": {
      "version": "7.6.0",
      "resolved": "https://registry.npmjs.org/@babel/polyfill/-/polyfill-7.6.0.tgz",
      "integrity": "sha512-q5BZJI0n/B10VaQQvln1IlDK3BTBJFbADx7tv+oXDPIDZuTo37H5Adb9jhlXm/fEN4Y7/64qD9mnrJJG7rmaTw==",
      "dev": true,
      "requires": {
        "core-js": "^2.6.5",
        "regenerator-runtime": "^0.13.2"
      },
      "dependencies": {
        "regenerator-runtime": {
          "version": "0.13.3",
          "resolved": "https://registry.npmjs.org/regenerator-runtime/-/regenerator-runtime-0.13.3.tgz",
          "integrity": "sha512-naKIZz2GQ8JWh///G7L3X6LaQUAMp2lvb1rvwwsURe/VXwD6VMfr+/1NuNw3ag8v2kY1aQ/go5SNn79O9JU7yw==",
          "dev": true
        }
      }
    },
    "@babel/template": {
      "version": "7.6.0",
      "resolved": "https://registry.npmjs.org/@babel/template/-/template-7.6.0.tgz",
      "integrity": "sha512-5AEH2EXD8euCk446b7edmgFdub/qfH1SN6Nii3+fyXP807QRx9Q73A2N5hNwRRslC2H9sNzaFhsPubkS4L8oNQ==",
      "dev": true,
      "requires": {
        "@babel/code-frame": "^7.0.0",
        "@babel/parser": "^7.6.0",
        "@babel/types": "^7.6.0"
      },
      "dependencies": {
        "@babel/parser": {
          "version": "7.6.0",
          "resolved": "https://registry.npmjs.org/@babel/parser/-/parser-7.6.0.tgz",
          "integrity": "sha512-+o2q111WEx4srBs7L9eJmcwi655eD8sXniLqMB93TBK9GrNzGrxDWSjiqz2hLU0Ha8MTXFIP0yd9fNdP+m43ZQ==",
          "dev": true
        }
      }
    },
    "@babel/traverse": {
      "version": "7.6.0",
      "resolved": "https://registry.npmjs.org/@babel/traverse/-/traverse-7.6.0.tgz",
      "integrity": "sha512-93t52SaOBgml/xY74lsmt7xOR4ufYvhb5c5qiM6lu4J/dWGMAfAh6eKw4PjLes6DI6nQgearoxnFJk60YchpvQ==",
      "dev": true,
      "requires": {
        "@babel/code-frame": "^7.5.5",
        "@babel/generator": "^7.6.0",
        "@babel/helper-function-name": "^7.1.0",
        "@babel/helper-split-export-declaration": "^7.4.4",
        "@babel/parser": "^7.6.0",
        "@babel/types": "^7.6.0",
        "debug": "^4.1.0",
        "globals": "^11.1.0",
        "lodash": "^4.17.13"
      },
      "dependencies": {
        "@babel/parser": {
          "version": "7.6.0",
          "resolved": "https://registry.npmjs.org/@babel/parser/-/parser-7.6.0.tgz",
          "integrity": "sha512-+o2q111WEx4srBs7L9eJmcwi655eD8sXniLqMB93TBK9GrNzGrxDWSjiqz2hLU0Ha8MTXFIP0yd9fNdP+m43ZQ==",
          "dev": true
        }
      }
    },
    "@babel/types": {
      "version": "7.6.1",
      "resolved": "https://registry.npmjs.org/@babel/types/-/types-7.6.1.tgz",
      "integrity": "sha512-X7gdiuaCmA0uRjCmRtYJNAVCc/q+5xSgsfKJHqMN4iNLILX39677fJE1O40arPMh0TTtS9ItH67yre6c7k6t0g==",
      "dev": true,
      "requires": {
        "esutils": "^2.0.2",
        "lodash": "^4.17.13",
        "to-fast-properties": "^2.0.0"
      },
      "dependencies": {
        "to-fast-properties": {
          "version": "2.0.0",
          "resolved": "https://registry.npmjs.org/to-fast-properties/-/to-fast-properties-2.0.0.tgz",
          "integrity": "sha1-3F5pjL0HkmW8c+A3doGk5Og/YW4=",
          "dev": true
        }
      }
    },
    "@cnakazawa/watch": {
      "version": "1.0.3",
      "resolved": "https://registry.npmjs.org/@cnakazawa/watch/-/watch-1.0.3.tgz",
      "integrity": "sha512-r5160ogAvGyHsal38Kux7YYtodEKOj89RGb28ht1jh3SJb08VwRwAKKJL0bGb04Zd/3r9FL3BFIc3bBidYffCA==",
      "dev": true,
      "requires": {
        "exec-sh": "^0.3.2",
        "minimist": "^1.2.0"
      }
    },
    "@jest/console": {
      "version": "24.9.0",
      "resolved": "https://registry.npmjs.org/@jest/console/-/console-24.9.0.tgz",
      "integrity": "sha512-Zuj6b8TnKXi3q4ymac8EQfc3ea/uhLeCGThFqXeC8H9/raaH8ARPUTdId+XyGd03Z4In0/VjD2OYFcBF09fNLQ==",
      "dev": true,
      "requires": {
        "@jest/source-map": "^24.9.0",
        "chalk": "^2.0.1",
        "slash": "^2.0.0"
      },
      "dependencies": {
        "slash": {
          "version": "2.0.0",
          "resolved": "https://registry.npmjs.org/slash/-/slash-2.0.0.tgz",
          "integrity": "sha512-ZYKh3Wh2z1PpEXWr0MpSBZ0V6mZHAQfYevttO11c51CaWjGTaadiKZ+wVt1PbMlDV5qhMFslpZCemhwOK7C89A==",
          "dev": true
        }
      }
    },
    "@jest/core": {
      "version": "24.9.0",
      "resolved": "https://registry.npmjs.org/@jest/core/-/core-24.9.0.tgz",
      "integrity": "sha512-Fogg3s4wlAr1VX7q+rhV9RVnUv5tD7VuWfYy1+whMiWUrvl7U3QJSJyWcDio9Lq2prqYsZaeTv2Rz24pWGkJ2A==",
      "dev": true,
      "requires": {
        "@jest/console": "^24.7.1",
        "@jest/reporters": "^24.9.0",
        "@jest/test-result": "^24.9.0",
        "@jest/transform": "^24.9.0",
        "@jest/types": "^24.9.0",
        "ansi-escapes": "^3.0.0",
        "chalk": "^2.0.1",
        "exit": "^0.1.2",
        "graceful-fs": "^4.1.15",
        "jest-changed-files": "^24.9.0",
        "jest-config": "^24.9.0",
        "jest-haste-map": "^24.9.0",
        "jest-message-util": "^24.9.0",
        "jest-regex-util": "^24.3.0",
        "jest-resolve": "^24.9.0",
        "jest-resolve-dependencies": "^24.9.0",
        "jest-runner": "^24.9.0",
        "jest-runtime": "^24.9.0",
        "jest-snapshot": "^24.9.0",
        "jest-util": "^24.9.0",
        "jest-validate": "^24.9.0",
        "jest-watcher": "^24.9.0",
        "micromatch": "^3.1.10",
        "p-each-series": "^1.0.0",
        "realpath-native": "^1.1.0",
        "rimraf": "^2.5.4",
        "slash": "^2.0.0",
        "strip-ansi": "^5.0.0"
      },
      "dependencies": {
        "ansi-regex": {
          "version": "4.1.0",
          "resolved": "https://registry.npmjs.org/ansi-regex/-/ansi-regex-4.1.0.tgz",
          "integrity": "sha512-1apePfXM1UOSqw0o9IiFAovVz9M5S1Dg+4TrDwfMewQ6p/rmMueb7tWZjQ1rx4Loy1ArBggoqGpfqqdI4rondg==",
          "dev": true
        },
        "slash": {
          "version": "2.0.0",
          "resolved": "https://registry.npmjs.org/slash/-/slash-2.0.0.tgz",
          "integrity": "sha512-ZYKh3Wh2z1PpEXWr0MpSBZ0V6mZHAQfYevttO11c51CaWjGTaadiKZ+wVt1PbMlDV5qhMFslpZCemhwOK7C89A==",
          "dev": true
        },
        "strip-ansi": {
          "version": "5.2.0",
          "resolved": "https://registry.npmjs.org/strip-ansi/-/strip-ansi-5.2.0.tgz",
          "integrity": "sha512-DuRs1gKbBqsMKIZlrffwlug8MHkcnpjs5VPmL1PAh+mA30U0DTotfDZ0d2UUsXpPmPmMMJ6W773MaA3J+lbiWA==",
          "dev": true,
          "requires": {
            "ansi-regex": "^4.1.0"
          }
        }
      }
    },
    "@jest/environment": {
      "version": "24.9.0",
      "resolved": "https://registry.npmjs.org/@jest/environment/-/environment-24.9.0.tgz",
      "integrity": "sha512-5A1QluTPhvdIPFYnO3sZC3smkNeXPVELz7ikPbhUj0bQjB07EoE9qtLrem14ZUYWdVayYbsjVwIiL4WBIMV4aQ==",
      "dev": true,
      "requires": {
        "@jest/fake-timers": "^24.9.0",
        "@jest/transform": "^24.9.0",
        "@jest/types": "^24.9.0",
        "jest-mock": "^24.9.0"
      }
    },
    "@jest/fake-timers": {
      "version": "24.9.0",
      "resolved": "https://registry.npmjs.org/@jest/fake-timers/-/fake-timers-24.9.0.tgz",
      "integrity": "sha512-eWQcNa2YSwzXWIMC5KufBh3oWRIijrQFROsIqt6v/NS9Io/gknw1jsAC9c+ih/RQX4A3O7SeWAhQeN0goKhT9A==",
      "dev": true,
      "requires": {
        "@jest/types": "^24.9.0",
        "jest-message-util": "^24.9.0",
        "jest-mock": "^24.9.0"
      }
    },
    "@jest/reporters": {
      "version": "24.9.0",
      "resolved": "https://registry.npmjs.org/@jest/reporters/-/reporters-24.9.0.tgz",
      "integrity": "sha512-mu4X0yjaHrffOsWmVLzitKmmmWSQ3GGuefgNscUSWNiUNcEOSEQk9k3pERKEQVBb0Cnn88+UESIsZEMH3o88Gw==",
      "dev": true,
      "requires": {
        "@jest/environment": "^24.9.0",
        "@jest/test-result": "^24.9.0",
        "@jest/transform": "^24.9.0",
        "@jest/types": "^24.9.0",
        "chalk": "^2.0.1",
        "exit": "^0.1.2",
        "glob": "^7.1.2",
        "istanbul-lib-coverage": "^2.0.2",
        "istanbul-lib-instrument": "^3.0.1",
        "istanbul-lib-report": "^2.0.4",
        "istanbul-lib-source-maps": "^3.0.1",
        "istanbul-reports": "^2.2.6",
        "jest-haste-map": "^24.9.0",
        "jest-resolve": "^24.9.0",
        "jest-runtime": "^24.9.0",
        "jest-util": "^24.9.0",
        "jest-worker": "^24.6.0",
        "node-notifier": "^5.4.2",
        "slash": "^2.0.0",
        "source-map": "^0.6.0",
        "string-length": "^2.0.0"
      },
      "dependencies": {
        "slash": {
          "version": "2.0.0",
          "resolved": "https://registry.npmjs.org/slash/-/slash-2.0.0.tgz",
          "integrity": "sha512-ZYKh3Wh2z1PpEXWr0MpSBZ0V6mZHAQfYevttO11c51CaWjGTaadiKZ+wVt1PbMlDV5qhMFslpZCemhwOK7C89A==",
          "dev": true
        },
        "source-map": {
          "version": "0.6.1",
          "resolved": "https://registry.npmjs.org/source-map/-/source-map-0.6.1.tgz",
          "integrity": "sha512-UjgapumWlbMhkBgzT7Ykc5YXUT46F0iKu8SGXq0bcwP5dz/h0Plj6enJqjz1Zbq2l5WaqYnrVbwWOWMyF3F47g==",
          "dev": true
        }
      }
    },
    "@jest/source-map": {
      "version": "24.9.0",
      "resolved": "https://registry.npmjs.org/@jest/source-map/-/source-map-24.9.0.tgz",
      "integrity": "sha512-/Xw7xGlsZb4MJzNDgB7PW5crou5JqWiBQaz6xyPd3ArOg2nfn/PunV8+olXbbEZzNl591o5rWKE9BRDaFAuIBg==",
      "dev": true,
      "requires": {
        "callsites": "^3.0.0",
        "graceful-fs": "^4.1.15",
        "source-map": "^0.6.0"
      },
      "dependencies": {
        "source-map": {
          "version": "0.6.1",
          "resolved": "https://registry.npmjs.org/source-map/-/source-map-0.6.1.tgz",
          "integrity": "sha512-UjgapumWlbMhkBgzT7Ykc5YXUT46F0iKu8SGXq0bcwP5dz/h0Plj6enJqjz1Zbq2l5WaqYnrVbwWOWMyF3F47g==",
          "dev": true
        }
      }
    },
    "@jest/test-result": {
      "version": "24.9.0",
      "resolved": "https://registry.npmjs.org/@jest/test-result/-/test-result-24.9.0.tgz",
      "integrity": "sha512-XEFrHbBonBJ8dGp2JmF8kP/nQI/ImPpygKHwQ/SY+es59Z3L5PI4Qb9TQQMAEeYsThG1xF0k6tmG0tIKATNiiA==",
      "dev": true,
      "requires": {
        "@jest/console": "^24.9.0",
        "@jest/types": "^24.9.0",
        "@types/istanbul-lib-coverage": "^2.0.0"
      }
    },
    "@jest/test-sequencer": {
      "version": "24.9.0",
      "resolved": "https://registry.npmjs.org/@jest/test-sequencer/-/test-sequencer-24.9.0.tgz",
      "integrity": "sha512-6qqsU4o0kW1dvA95qfNog8v8gkRN9ph6Lz7r96IvZpHdNipP2cBcb07J1Z45mz/VIS01OHJ3pY8T5fUY38tg4A==",
      "dev": true,
      "requires": {
        "@jest/test-result": "^24.9.0",
        "jest-haste-map": "^24.9.0",
        "jest-runner": "^24.9.0",
        "jest-runtime": "^24.9.0"
      }
    },
    "@jest/transform": {
      "version": "24.9.0",
      "resolved": "https://registry.npmjs.org/@jest/transform/-/transform-24.9.0.tgz",
      "integrity": "sha512-TcQUmyNRxV94S0QpMOnZl0++6RMiqpbH/ZMccFB/amku6Uwvyb1cjYX7xkp5nGNkbX4QPH/FcB6q1HBTHynLmQ==",
      "dev": true,
      "requires": {
        "@babel/core": "^7.1.0",
        "@jest/types": "^24.9.0",
        "babel-plugin-istanbul": "^5.1.0",
        "chalk": "^2.0.1",
        "convert-source-map": "^1.4.0",
        "fast-json-stable-stringify": "^2.0.0",
        "graceful-fs": "^4.1.15",
        "jest-haste-map": "^24.9.0",
        "jest-regex-util": "^24.9.0",
        "jest-util": "^24.9.0",
        "micromatch": "^3.1.10",
        "pirates": "^4.0.1",
        "realpath-native": "^1.1.0",
        "slash": "^2.0.0",
        "source-map": "^0.6.1",
        "write-file-atomic": "2.4.1"
      },
      "dependencies": {
        "slash": {
          "version": "2.0.0",
          "resolved": "https://registry.npmjs.org/slash/-/slash-2.0.0.tgz",
          "integrity": "sha512-ZYKh3Wh2z1PpEXWr0MpSBZ0V6mZHAQfYevttO11c51CaWjGTaadiKZ+wVt1PbMlDV5qhMFslpZCemhwOK7C89A==",
          "dev": true
        },
        "source-map": {
          "version": "0.6.1",
          "resolved": "https://registry.npmjs.org/source-map/-/source-map-0.6.1.tgz",
          "integrity": "sha512-UjgapumWlbMhkBgzT7Ykc5YXUT46F0iKu8SGXq0bcwP5dz/h0Plj6enJqjz1Zbq2l5WaqYnrVbwWOWMyF3F47g==",
          "dev": true
        }
      }
    },
    "@jest/types": {
      "version": "24.9.0",
      "resolved": "https://registry.npmjs.org/@jest/types/-/types-24.9.0.tgz",
      "integrity": "sha512-XKK7ze1apu5JWQ5eZjHITP66AX+QsLlbaJRBGYr8pNzwcAE2JVkwnf0yqjHTsDRcjR0mujy/NmZMXw5kl+kGBw==",
      "dev": true,
      "requires": {
        "@types/istanbul-lib-coverage": "^2.0.0",
        "@types/istanbul-reports": "^1.1.1",
        "@types/yargs": "^13.0.0"
      }
    },
    "@nodelib/fs.scandir": {
      "version": "2.1.2",
      "resolved": "https://registry.npmjs.org/@nodelib/fs.scandir/-/fs.scandir-2.1.2.tgz",
      "integrity": "sha512-wrIBsjA5pl13f0RN4Zx4FNWmU71lv03meGKnqRUoCyan17s4V3WL92f3w3AIuWbNnpcrQyFBU5qMavJoB8d27w==",
      "dev": true,
      "requires": {
        "@nodelib/fs.stat": "2.0.2",
        "run-parallel": "^1.1.9"
      }
    },
    "@nodelib/fs.stat": {
      "version": "2.0.2",
      "resolved": "https://registry.npmjs.org/@nodelib/fs.stat/-/fs.stat-2.0.2.tgz",
      "integrity": "sha512-z8+wGWV2dgUhLqrtRYa03yDx4HWMvXKi1z8g3m2JyxAx8F7xk74asqPk5LAETjqDSGLFML/6CDl0+yFunSYicw==",
      "dev": true
    },
    "@nodelib/fs.walk": {
      "version": "1.2.3",
      "resolved": "https://registry.npmjs.org/@nodelib/fs.walk/-/fs.walk-1.2.3.tgz",
      "integrity": "sha512-l6t8xEhfK9Sa4YO5mIRdau7XSOADfmh3jCr0evNHdY+HNkW6xuQhgMH7D73VV6WpZOagrW0UludvMTiifiwTfA==",
      "dev": true,
      "requires": {
        "@nodelib/fs.scandir": "2.1.2",
        "fastq": "^1.6.0"
      }
    },
    "@octokit/endpoint": {
      "version": "5.3.5",
      "resolved": "https://registry.npmjs.org/@octokit/endpoint/-/endpoint-5.3.5.tgz",
      "integrity": "sha512-f8KqzIrnzPLiezDsZZPB+K8v8YSv6aKFl7eOu59O46lmlW4HagWl1U6NWl6LmT8d1w7NsKBI3paVtzcnRGO1gw==",
      "dev": true,
      "requires": {
        "is-plain-object": "^3.0.0",
        "universal-user-agent": "^4.0.0"
      },
      "dependencies": {
        "is-plain-object": {
          "version": "3.0.0",
          "resolved": "https://registry.npmjs.org/is-plain-object/-/is-plain-object-3.0.0.tgz",
          "integrity": "sha512-tZIpofR+P05k8Aocp7UI/2UTa9lTJSebCXpFFoR9aibpokDj/uXBsJ8luUu0tTVYKkMU6URDUuOfJZ7koewXvg==",
          "dev": true,
          "requires": {
            "isobject": "^4.0.0"
          }
        },
        "isobject": {
          "version": "4.0.0",
          "resolved": "https://registry.npmjs.org/isobject/-/isobject-4.0.0.tgz",
          "integrity": "sha512-S/2fF5wH8SJA/kmwr6HYhK/RI/OkhD84k8ntalo0iJjZikgq1XFvR5M8NPT1x5F7fBwCG3qHfnzeP/Vh/ZxCUA==",
          "dev": true
        }
      }
    },
    "@octokit/request": {
      "version": "5.1.0",
      "resolved": "https://registry.npmjs.org/@octokit/request/-/request-5.1.0.tgz",
      "integrity": "sha512-I15T9PwjFs4tbWyhtFU2Kq7WDPidYMvRB7spmxoQRZfxSmiqullG+Nz+KbSmpkfnlvHwTr1e31R5WReFRKMXjg==",
      "dev": true,
      "requires": {
        "@octokit/endpoint": "^5.1.0",
        "@octokit/request-error": "^1.0.1",
        "deprecation": "^2.0.0",
        "is-plain-object": "^3.0.0",
        "node-fetch": "^2.3.0",
        "once": "^1.4.0",
        "universal-user-agent": "^4.0.0"
      },
      "dependencies": {
        "is-plain-object": {
          "version": "3.0.0",
          "resolved": "https://registry.npmjs.org/is-plain-object/-/is-plain-object-3.0.0.tgz",
          "integrity": "sha512-tZIpofR+P05k8Aocp7UI/2UTa9lTJSebCXpFFoR9aibpokDj/uXBsJ8luUu0tTVYKkMU6URDUuOfJZ7koewXvg==",
          "dev": true,
          "requires": {
            "isobject": "^4.0.0"
          }
        },
        "isobject": {
          "version": "4.0.0",
          "resolved": "https://registry.npmjs.org/isobject/-/isobject-4.0.0.tgz",
          "integrity": "sha512-S/2fF5wH8SJA/kmwr6HYhK/RI/OkhD84k8ntalo0iJjZikgq1XFvR5M8NPT1x5F7fBwCG3qHfnzeP/Vh/ZxCUA==",
          "dev": true
        }
      }
    },
    "@octokit/request-error": {
      "version": "1.0.4",
      "resolved": "https://registry.npmjs.org/@octokit/request-error/-/request-error-1.0.4.tgz",
      "integrity": "sha512-L4JaJDXn8SGT+5G0uX79rZLv0MNJmfGa4vb4vy1NnpjSnWDLJRy6m90udGwvMmavwsStgbv2QNkPzzTCMmL+ig==",
      "dev": true,
      "requires": {
        "deprecation": "^2.0.0",
        "once": "^1.4.0"
      }
    },
    "@octokit/rest": {
      "version": "16.28.9",
      "resolved": "https://registry.npmjs.org/@octokit/rest/-/rest-16.28.9.tgz",
      "integrity": "sha512-IKGnX+Tvzt7XHhs8f4ajqxyJvYAMNX5nWfoJm4CQj8LZToMiaJgutf5KxxpxoC3y5w7JTJpW5rnWnF4TsIvCLA==",
      "dev": true,
      "requires": {
        "@octokit/request": "^5.0.0",
        "@octokit/request-error": "^1.0.2",
        "atob-lite": "^2.0.0",
        "before-after-hook": "^2.0.0",
        "btoa-lite": "^1.0.0",
        "deprecation": "^2.0.0",
        "lodash.get": "^4.4.2",
        "lodash.set": "^4.3.2",
        "lodash.uniq": "^4.5.0",
        "octokit-pagination-methods": "^1.1.0",
        "once": "^1.4.0",
        "universal-user-agent": "^4.0.0"
      }
    },
    "@types/babel-types": {
      "version": "7.0.7",
      "resolved": "https://registry.npmjs.org/@types/babel-types/-/babel-types-7.0.7.tgz",
      "integrity": "sha512-dBtBbrc+qTHy1WdfHYjBwRln4+LWqASWakLHsWHR2NWHIFkv4W3O070IGoGLEBrJBvct3r0L1BUPuvURi7kYUQ==",
      "dev": true
    },
    "@types/babel__core": {
      "version": "7.1.3",
      "resolved": "https://registry.npmjs.org/@types/babel__core/-/babel__core-7.1.3.tgz",
      "integrity": "sha512-8fBo0UR2CcwWxeX7WIIgJ7lXjasFxoYgRnFHUj+hRvKkpiBJbxhdAPTCY6/ZKM0uxANFVzt4yObSLuTiTnazDA==",
      "dev": true,
      "requires": {
        "@babel/parser": "^7.1.0",
        "@babel/types": "^7.0.0",
        "@types/babel__generator": "*",
        "@types/babel__template": "*",
        "@types/babel__traverse": "*"
      }
    },
    "@types/babel__generator": {
      "version": "7.0.2",
      "resolved": "https://registry.npmjs.org/@types/babel__generator/-/babel__generator-7.0.2.tgz",
      "integrity": "sha512-NHcOfab3Zw4q5sEE2COkpfXjoE7o+PmqD9DQW4koUT3roNxwziUdXGnRndMat/LJNUtePwn1TlP4do3uoe3KZQ==",
      "dev": true,
      "requires": {
        "@babel/types": "^7.0.0"
      }
    },
    "@types/babel__template": {
      "version": "7.0.2",
      "resolved": "https://registry.npmjs.org/@types/babel__template/-/babel__template-7.0.2.tgz",
      "integrity": "sha512-/K6zCpeW7Imzgab2bLkLEbz0+1JlFSrUMdw7KoIIu+IUdu51GWaBZpd3y1VXGVXzynvGa4DaIaxNZHiON3GXUg==",
      "dev": true,
      "requires": {
        "@babel/parser": "^7.1.0",
        "@babel/types": "^7.0.0"
      }
    },
    "@types/babel__traverse": {
      "version": "7.0.7",
      "resolved": "https://registry.npmjs.org/@types/babel__traverse/-/babel__traverse-7.0.7.tgz",
      "integrity": "sha512-CeBpmX1J8kWLcDEnI3Cl2Eo6RfbGvzUctA+CjZUhOKDFbLfcr7fc4usEqLNWetrlJd7RhAkyYe2czXop4fICpw==",
      "dev": true,
      "requires": {
        "@babel/types": "^7.3.0"
      }
    },
    "@types/babylon": {
      "version": "6.16.5",
      "resolved": "https://registry.npmjs.org/@types/babylon/-/babylon-6.16.5.tgz",
      "integrity": "sha512-xH2e58elpj1X4ynnKp9qSnWlsRTIs6n3tgLGNfwAGHwePw0mulHQllV34n0T25uYSu1k0hRKkWXF890B1yS47w==",
      "dev": true,
      "requires": {
        "@types/babel-types": "*"
      }
    },
    "@types/istanbul-lib-coverage": {
      "version": "2.0.1",
      "resolved": "https://registry.npmjs.org/@types/istanbul-lib-coverage/-/istanbul-lib-coverage-2.0.1.tgz",
      "integrity": "sha512-hRJD2ahnnpLgsj6KWMYSrmXkM3rm2Dl1qkx6IOFD5FnuNPXJIG5L0dhgKXCYTRMGzU4n0wImQ/xfmRc4POUFlg==",
      "dev": true
    },
    "@types/istanbul-lib-report": {
      "version": "1.1.1",
      "resolved": "https://registry.npmjs.org/@types/istanbul-lib-report/-/istanbul-lib-report-1.1.1.tgz",
      "integrity": "sha512-3BUTyMzbZa2DtDI2BkERNC6jJw2Mr2Y0oGI7mRxYNBPxppbtEK1F66u3bKwU2g+wxwWI7PAoRpJnOY1grJqzHg==",
      "dev": true,
      "requires": {
        "@types/istanbul-lib-coverage": "*"
      }
    },
    "@types/istanbul-reports": {
      "version": "1.1.1",
      "resolved": "https://registry.npmjs.org/@types/istanbul-reports/-/istanbul-reports-1.1.1.tgz",
      "integrity": "sha512-UpYjBi8xefVChsCoBpKShdxTllC9pwISirfoZsUa2AAdQg/Jd2KQGtSbw+ya7GPo7x/wAPlH6JBhKhAsXUEZNA==",
      "dev": true,
      "requires": {
        "@types/istanbul-lib-coverage": "*",
        "@types/istanbul-lib-report": "*"
      }
    },
    "@types/jest": {
      "version": "24.0.18",
      "resolved": "https://registry.npmjs.org/@types/jest/-/jest-24.0.18.tgz",
      "integrity": "sha512-jcDDXdjTcrQzdN06+TSVsPPqxvsZA/5QkYfIZlq1JMw7FdP5AZylbOc+6B/cuDurctRe+MziUMtQ3xQdrbjqyQ==",
      "dev": true,
      "requires": {
        "@types/jest-diff": "*"
      }
    },
    "@types/jest-diff": {
      "version": "20.0.1",
      "resolved": "https://registry.npmjs.org/@types/jest-diff/-/jest-diff-20.0.1.tgz",
      "integrity": "sha512-yALhelO3i0hqZwhjtcr6dYyaLoCHbAMshwtj6cGxTvHZAKXHsYGdff6E8EPw3xLKY0ELUTQ69Q1rQiJENnccMA==",
      "dev": true
    },
    "@types/minimatch": {
      "version": "3.0.3",
      "resolved": "https://registry.npmjs.org/@types/minimatch/-/minimatch-3.0.3.tgz",
      "integrity": "sha512-tHq6qdbT9U1IRSGf14CL0pUlULksvY9OZ+5eEgl1N7t+OA3tGvNpxJCzuKQlsNgCVwbAs670L1vcVQi8j9HjnA==",
      "dev": true
    },
    "@types/stack-utils": {
      "version": "1.0.1",
      "resolved": "https://registry.npmjs.org/@types/stack-utils/-/stack-utils-1.0.1.tgz",
      "integrity": "sha512-l42BggppR6zLmpfU6fq9HEa2oGPEI8yrSPL3GITjfRInppYFahObbIQOQK3UGxEnyQpltZLaPe75046NOZQikw==",
      "dev": true
    },
    "@types/yargs": {
      "version": "13.0.2",
      "resolved": "https://registry.npmjs.org/@types/yargs/-/yargs-13.0.2.tgz",
      "integrity": "sha512-lwwgizwk/bIIU+3ELORkyuOgDjCh7zuWDFqRtPPhhVgq9N1F7CvLNKg1TX4f2duwtKQ0p044Au9r1PLIXHrIzQ==",
      "dev": true,
      "requires": {
        "@types/yargs-parser": "*"
      }
    },
    "@types/yargs-parser": {
      "version": "13.1.0",
      "resolved": "https://registry.npmjs.org/@types/yargs-parser/-/yargs-parser-13.1.0.tgz",
      "integrity": "sha512-gCubfBUZ6KxzoibJ+SCUc/57Ms1jz5NjHe4+dI2krNmU5zCPAphyLJYyTOg06ueIyfj+SaCUqmzun7ImlxDcKg==",
      "dev": true
    },
    "@typescript-eslint/typescript-estree": {
      "version": "1.13.0",
      "resolved": "https://registry.npmjs.org/@typescript-eslint/typescript-estree/-/typescript-estree-1.13.0.tgz",
      "integrity": "sha512-b5rCmd2e6DCC6tCTN9GSUAuxdYwCM/k/2wdjHGrIRGPSJotWMCe/dGpi66u42bhuh8q3QBzqM4TMA1GUUCJvdw==",
      "dev": true,
      "requires": {
        "lodash.unescape": "4.0.1",
        "semver": "5.5.0"
      },
      "dependencies": {
        "semver": {
          "version": "5.5.0",
          "resolved": "https://registry.npmjs.org/semver/-/semver-5.5.0.tgz",
          "integrity": "sha512-4SJ3dm0WAwWy/NVeioZh5AntkdJoWKxHxcmyP622fOkgHa4z3R0TdBJICINyaSDE6uNwVc8gZr+ZinwZAH4xIA==",
          "dev": true
        }
      }
    },
    "a-sync-waterfall": {
      "version": "1.0.1",
      "resolved": "https://registry.npmjs.org/a-sync-waterfall/-/a-sync-waterfall-1.0.1.tgz",
      "integrity": "sha512-RYTOHHdWipFUliRFMCS4X2Yn2X8M87V/OpSqWzKKOGhzqyUxzyVmhHDH9sAvG+ZuQf/TAOFsLCpMw09I1ufUnA==",
      "dev": true
    },
    "abab": {
      "version": "2.0.1",
      "resolved": "https://registry.npmjs.org/abab/-/abab-2.0.1.tgz",
      "integrity": "sha512-1zSbbCuoIjafKZ3mblY5ikvAb0ODUbqBnFuUb7f6uLeQhhGJ0vEV4ntmtxKLT2WgXCO94E07BjunsIw1jOMPZw==",
      "dev": true
    },
    "abbrev": {
      "version": "1.1.1",
      "resolved": "https://registry.npmjs.org/abbrev/-/abbrev-1.1.1.tgz",
      "integrity": "sha512-nne9/IiQ/hzIhY6pdDnbBtz7DjPTKrY00P/zvPSm5pOFkl6xuGrGnXn/VtTNNfNtAfZ9/1RtehkszU9qcTii0Q==",
      "dev": true
    },
    "abort-controller": {
      "version": "3.0.0",
      "resolved": "https://registry.npmjs.org/abort-controller/-/abort-controller-3.0.0.tgz",
      "integrity": "sha512-h8lQ8tacZYnR3vNQTgibj+tODHI5/+l06Au2Pcriv/Gmet0eaj4TwWH41sO9wnHDiQsEj19q0drzdWdeAHtweg==",
      "dev": true,
      "requires": {
        "event-target-shim": "^5.0.0"
      }
    },
    "accepts": {
      "version": "1.3.7",
      "resolved": "https://registry.npmjs.org/accepts/-/accepts-1.3.7.tgz",
      "integrity": "sha512-Il80Qs2WjYlJIBNzNkK6KYqlVMTbZLXgHx2oT0pU/fjRHyEp+PEfEPY0R3WCwAGVOtauxh1hOxNgIf5bv7dQpA==",
      "dev": true,
      "requires": {
        "mime-types": "~2.1.24",
        "negotiator": "0.6.2"
      }
    },
    "acorn": {
      "version": "3.3.0",
      "resolved": "https://registry.npmjs.org/acorn/-/acorn-3.3.0.tgz",
      "integrity": "sha1-ReN/s56No/JbruP/U2niu18iAXo=",
      "dev": true
    },
    "acorn-globals": {
      "version": "3.1.0",
      "resolved": "https://registry.npmjs.org/acorn-globals/-/acorn-globals-3.1.0.tgz",
      "integrity": "sha1-/YJw9x+7SZawBPqIDuXUZXOnMb8=",
      "dev": true,
      "requires": {
        "acorn": "^4.0.4"
      },
      "dependencies": {
        "acorn": {
          "version": "4.0.13",
          "resolved": "https://registry.npmjs.org/acorn/-/acorn-4.0.13.tgz",
          "integrity": "sha1-EFSVrlNh1pe9GVyCUZLhrX8lN4c=",
          "dev": true
        }
      }
    },
    "acorn-walk": {
      "version": "6.2.0",
      "resolved": "https://registry.npmjs.org/acorn-walk/-/acorn-walk-6.2.0.tgz",
      "integrity": "sha512-7evsyfH1cLOCdAzZAd43Cic04yKydNx0cF+7tiA19p1XnLLPU4dpCQOqpjqwokFe//vS0QqfqqjCS2JkiIs0cA==",
      "dev": true
    },
    "after": {
      "version": "0.8.2",
      "resolved": "https://registry.npmjs.org/after/-/after-0.8.2.tgz",
      "integrity": "sha1-/ts5T58OAqqXaOcCvaI7UF+ufh8=",
      "dev": true
    },
    "agent-base": {
      "version": "4.3.0",
      "resolved": "https://registry.npmjs.org/agent-base/-/agent-base-4.3.0.tgz",
      "integrity": "sha512-salcGninV0nPrwpGNn4VTXBb1SOuXQBiqbrNXoeizJsHrsL6ERFM2Ne3JUSBWRE6aeNJI2ROP/WEEIDUiDe3cg==",
      "dev": true,
      "requires": {
        "es6-promisify": "^5.0.0"
      }
    },
    "ajv": {
      "version": "6.10.2",
      "resolved": "https://registry.npmjs.org/ajv/-/ajv-6.10.2.tgz",
      "integrity": "sha512-TXtUUEYHuaTEbLZWIKUr5pmBuhDLy+8KYtPYdcV8qC+pOZL+NKqYwvWSRrVXHn+ZmRRAu8vJTAznH7Oag6RVRw==",
      "dev": true,
      "requires": {
        "fast-deep-equal": "^2.0.1",
        "fast-json-stable-stringify": "^2.0.0",
        "json-schema-traverse": "^0.4.1",
        "uri-js": "^4.2.2"
      }
    },
    "align-text": {
      "version": "0.1.4",
      "resolved": "https://registry.npmjs.org/align-text/-/align-text-0.1.4.tgz",
      "integrity": "sha1-DNkKVhCT810KmSVsIrcGlDP60Rc=",
      "dev": true,
      "requires": {
        "kind-of": "^3.0.2",
        "longest": "^1.0.1",
        "repeat-string": "^1.5.2"
      },
      "dependencies": {
        "kind-of": {
          "version": "3.2.2",
          "resolved": "https://registry.npmjs.org/kind-of/-/kind-of-3.2.2.tgz",
          "integrity": "sha1-MeohpzS6ubuw8yRm2JOupR5KPGQ=",
          "dev": true,
          "requires": {
            "is-buffer": "^1.1.5"
          }
        }
      }
    },
    "ansi-escapes": {
      "version": "3.2.0",
      "resolved": "https://registry.npmjs.org/ansi-escapes/-/ansi-escapes-3.2.0.tgz",
      "integrity": "sha512-cBhpre4ma+U0T1oM5fXg7Dy1Jw7zzwv7lt/GoCpr+hDQJoYnKVPLL4dCvSEFMmQurOQvSrwT7SL/DAlhBI97RQ==",
      "dev": true
    },
    "ansi-regex": {
      "version": "2.1.1",
      "resolved": "https://registry.npmjs.org/ansi-regex/-/ansi-regex-2.1.1.tgz",
      "integrity": "sha1-w7M6te42DYbg5ijwRorn7yfWVN8=",
      "dev": true
    },
    "ansi-styles": {
      "version": "2.2.1",
      "resolved": "https://registry.npmjs.org/ansi-styles/-/ansi-styles-2.2.1.tgz",
      "integrity": "sha1-tDLdM1i2NM914eRmQ2gkBTPB3b4=",
      "dev": true
    },
    "anymatch": {
      "version": "2.0.0",
      "resolved": "https://registry.npmjs.org/anymatch/-/anymatch-2.0.0.tgz",
      "integrity": "sha512-5teOsQWABXHHBFP9y3skS5P3d/WfWXpv3FUpy+LorMrNYaT9pI4oLMQX7jzQ2KklNpGpWHzdCXTDT2Y3XGlZBw==",
      "dev": true,
      "requires": {
        "micromatch": "^3.1.4",
        "normalize-path": "^2.1.1"
      },
      "dependencies": {
        "normalize-path": {
          "version": "2.1.1",
          "resolved": "https://registry.npmjs.org/normalize-path/-/normalize-path-2.1.1.tgz",
          "integrity": "sha1-GrKLVW4Zg2Oowab35vogE3/mrtk=",
          "dev": true,
          "requires": {
            "remove-trailing-separator": "^1.0.1"
          }
        }
      }
    },
    "app-module-path": {
      "version": "2.2.0",
      "resolved": "https://registry.npmjs.org/app-module-path/-/app-module-path-2.2.0.tgz",
      "integrity": "sha1-ZBqlXft9am8KgUHEucCqULbCTdU=",
      "dev": true
    },
    "argparse": {
      "version": "1.0.10",
      "resolved": "https://registry.npmjs.org/argparse/-/argparse-1.0.10.tgz",
      "integrity": "sha512-o5Roy6tNG4SL/FOkCAN6RzjiakZS25RLYFrcMttJqbdd8BWrnA+fGz57iN5Pb06pvBGvl5gQ0B48